// !$*UTF8*$!
{
	archiveVersion = 1;
	classes = {
	};
	objectVersion = 56;
	objects = {

/* Begin PBXBuildFile section */
		47763AB028F3B983009045A3 /* M5WrapUpChallengeApp.swift in Sources */ = {isa = PBXBuildFile; fileRef = 47763AAF28F3B983009045A3 /* M5WrapUpChallengeApp.swift */; };
		47763AB228F3B983009045A3 /* ContentView.swift in Sources */ = {isa = PBXBuildFile; fileRef = 47763AB128F3B983009045A3 /* ContentView.swift */; };
		47763AB428F3B986009045A3 /* Assets.xcassets in Resources */ = {isa = PBXBuildFile; fileRef = 47763AB328F3B986009045A3 /* Assets.xcassets */; };
		47763AB728F3B986009045A3 /* Preview Assets.xcassets in Resources */ = {isa = PBXBuildFile; fileRef = 47763AB628F3B986009045A3 /* Preview Assets.xcassets */; };
		47763ABF28F3BA16009045A3 /* Data.json in Resources */ = {isa = PBXBuildFile; fileRef = 47763ABE28F3BA16009045A3 /* Data.json */; };
		47763AC428F3BB23009045A3 /* Lesson.swift in Sources */ = {isa = PBXBuildFile; fileRef = 47763AC328F3BB23009045A3 /* Lesson.swift */; };
		47763AC628F3BBED009045A3 /* LessonModel.swift in Sources */ = {isa = PBXBuildFile; fileRef = 47763AC528F3BBED009045A3 /* LessonModel.swift */; };
		47763AC828F3C5C3009045A3 /* LessonDetailView.swift in Sources */ = {isa = PBXBuildFile; fileRef = 47763AC728F3C5C3009045A3 /* LessonDetailView.swift */; };
		47763ACB28F42E9B009045A3 /* AVKit.framework in Frameworks */ = {isa = PBXBuildFile; fileRef = 47763ACA28F42E9B009045A3 /* AVKit.framework */; };
/* End PBXBuildFile section */

/* Begin PBXFileReference section */
		47763AAC28F3B983009045A3 /* M5WrapUpChallenge.app */ = {isa = PBXFileReference; explicitFileType = wrapper.application; includeInIndex = 0; path = M5WrapUpChallenge.app; sourceTree = BUILT_PRODUCTS_DIR; };
		47763AAF28F3B983009045A3 /* M5WrapUpChallengeApp.swift */ = {isa = PBXFileReference; lastKnownFileType = sourcecode.swift; path = M5WrapUpChallengeApp.swift; sourceTree = "<group>"; };
		47763AB128F3B983009045A3 /* ContentView.swift */ = {isa = PBXFileReference; lastKnownFileType = sourcecode.swift; path = ContentView.swift; sourceTree = "<group>"; };
		47763AB328F3B986009045A3 /* Assets.xcassets */ = {isa = PBXFileReference; lastKnownFileType = folder.assetcatalog; path = Assets.xcassets; sourceTree = "<group>"; };
		47763AB628F3B986009045A3 /* Preview Assets.xcassets */ = {isa = PBXFileReference; lastKnownFileType = folder.assetcatalog; path = "Preview Assets.xcassets"; sourceTree = "<group>"; };
		47763ABE28F3BA16009045A3 /* Data.json */ = {isa = PBXFileReference; fileEncoding = 4; lastKnownFileType = text.json; path = Data.json; sourceTree = "<group>"; };
		47763AC328F3BB23009045A3 /* Lesson.swift */ = {isa = PBXFileReference; lastKnownFileType = sourcecode.swift; path = Lesson.swift; sourceTree = "<group>"; };
		47763AC528F3BBED009045A3 /* LessonModel.swift */ = {isa = PBXFileReference; lastKnownFileType = sourcecode.swift; path = LessonModel.swift; sourceTree = "<group>"; };
		47763AC728F3C5C3009045A3 /* LessonDetailView.swift */ = {isa = PBXFileReference; lastKnownFileType = sourcecode.swift; path = LessonDetailView.swift; sourceTree = "<group>"; };
		47763ACA28F42E9B009045A3 /* AVKit.framework */ = {isa = PBXFileReference; lastKnownFileType = wrapper.framework; name = AVKit.framework; path = System/Library/Frameworks/AVKit.framework; sourceTree = SDKROOT; };
/* End PBXFileReference section */

/* Begin PBXFrameworksBuildPhase section */
		47763AA928F3B983009045A3 /* Frameworks */ = {
			isa = PBXFrameworksBuildPhase;
			buildActionMask = 2147483647;
			files = (
				47763ACB28F42E9B009045A3 /* AVKit.framework in Frameworks */,
			);
			runOnlyForDeploymentPostprocessing = 0;
		};
/* End PBXFrameworksBuildPhase section */

/* Begin PBXGroup section */
		47763AA328F3B982009045A3 = {
			isa = PBXGroup;
			children = (
				47763AAE28F3B983009045A3 /* M5WrapUpChallenge */,
				47763AAD28F3B983009045A3 /* Products */,
				47763AC928F42E9B009045A3 /* Frameworks */,
			);
			sourceTree = "<group>";
		};
		47763AAD28F3B983009045A3 /* Products */ = {
			isa = PBXGroup;
			children = (
				47763AAC28F3B983009045A3 /* M5WrapUpChallenge.app */,
			);
			name = Products;
			sourceTree = "<group>";
		};
		47763AAE28F3B983009045A3 /* M5WrapUpChallenge */ = {
			isa = PBXGroup;
			children = (
				47763AAF28F3B983009045A3 /* M5WrapUpChallengeApp.swift */,
				47763AC228F3BADF009045A3 /* Models */,
				47763AC128F3BA41009045A3 /* ViewModels */,
				47763AC028F3BA37009045A3 /* Views */,
				47763ABD28F3B9AB009045A3 /* Resources */,
				47763AB328F3B986009045A3 /* Assets.xcassets */,
				47763AB528F3B986009045A3 /* Preview Content */,
			);
			path = M5WrapUpChallenge;
			sourceTree = "<group>";
		};
		47763AB528F3B986009045A3 /* Preview Content */ = {
			isa = PBXGroup;
			children = (
				47763AB628F3B986009045A3 /* Preview Assets.xcassets */,
			);
			path = "Preview Content";
			sourceTree = "<group>";
		};
		47763ABD28F3B9AB009045A3 /* Resources */ = {
			isa = PBXGroup;
			children = (
				47763ABE28F3BA16009045A3 /* Data.json */,
			);
			path = Resources;
			sourceTree = "<group>";
		};
		47763AC028F3BA37009045A3 /* Views */ = {
			isa = PBXGroup;
			children = (
				47763AB128F3B983009045A3 /* ContentView.swift */,
				47763AC728F3C5C3009045A3 /* LessonDetailView.swift */,
			);
			path = Views;
			sourceTree = "<group>";
		};
		47763AC128F3BA41009045A3 /* ViewModels */ = {
			isa = PBXGroup;
			children = (
				47763AC528F3BBED009045A3 /* LessonModel.swift */,
			);
			path = ViewModels;
			sourceTree = "<group>";
		};
		47763AC228F3BADF009045A3 /* Models */ = {
			isa = PBXGroup;
			children = (
				47763AC328F3BB23009045A3 /* Lesson.swift */,
			);
			path = Models;
			sourceTree = "<group>";
		};
		47763AC928F42E9B009045A3 /* Frameworks */ = {
			isa = PBXGroup;
			children = (
				47763ACA28F42E9B009045A3 /* AVKit.framework */,
			);
			name = Frameworks;
			sourceTree = "<group>";
		};
/* End PBXGroup section */

/* Begin PBXNativeTarget section */
		47763AAB28F3B983009045A3 /* M5WrapUpChallenge */ = {
			isa = PBXNativeTarget;
			buildConfigurationList = 47763ABA28F3B986009045A3 /* Build configuration list for PBXNativeTarget "M5WrapUpChallenge" */;
			buildPhases = (
				47763AA828F3B983009045A3 /* Sources */,
				47763AA928F3B983009045A3 /* Frameworks */,
				47763AAA28F3B983009045A3 /* Resources */,
			);
			buildRules = (
			);
			dependencies = (
			);
			name = M5WrapUpChallenge;
			productName = M5WrapUpChallenge;
			productReference = 47763AAC28F3B983009045A3 /* M5WrapUpChallenge.app */;
			productType = "com.apple.product-type.application";
		};
/* End PBXNativeTarget section */

/* Begin PBXProject section */
		47763AA428F3B982009045A3 /* Project object */ = {
			isa = PBXProject;
			attributes = {
				BuildIndependentTargetsInParallel = 1;
				LastSwiftUpdateCheck = 1410;
				LastUpgradeCheck = 1410;
				TargetAttributes = {
					47763AAB28F3B983009045A3 = {
						CreatedOnToolsVersion = 14.1;
					};
				};
			};
			buildConfigurationList = 47763AA728F3B982009045A3 /* Build configuration list for PBXProject "M5WrapUpChallenge" */;
			compatibilityVersion = "Xcode 14.0";
			developmentRegion = en;
			hasScannedForEncodings = 0;
			knownRegions = (
				en,
				Base,
			);
			mainGroup = 47763AA328F3B982009045A3;
			productRefGroup = 47763AAD28F3B983009045A3 /* Products */;
			projectDirPath = "";
			projectRoot = "";
			targets = (
				47763AAB28F3B983009045A3 /* M5WrapUpChallenge */,
			);
		};
/* End PBXProject section */

/* Begin PBXResourcesBuildPhase section */
		47763AAA28F3B983009045A3 /* Resources */ = {
			isa = PBXResourcesBuildPhase;
			buildActionMask = 2147483647;
			files = (
				47763AB728F3B986009045A3 /* Preview Assets.xcassets in Resources */,
				47763AB428F3B986009045A3 /* Assets.xcassets in Resources */,
				47763ABF28F3BA16009045A3 /* Data.json in Resources */,
			);
			runOnlyForDeploymentPostprocessing = 0;
		};
/* End PBXResourcesBuildPhase section */

/* Begin PBXSourcesBuildPhase section */
		47763AA828F3B983009045A3 /* Sources */ = {
			isa = PBXSourcesBuildPhase;
			buildActionMask = 2147483647;
			files = (
				47763AC428F3BB23009045A3 /* Lesson.swift in Sources */,
				47763AC628F3BBED009045A3 /* LessonModel.swift in Sources */,
				47763AB228F3B983009045A3 /* ContentView.swift in Sources */,
				47763AC828F3C5C3009045A3 /* LessonDetailView.swift in Sources */,
				47763AB028F3B983009045A3 /* M5WrapUpChallengeApp.swift in Sources */,
			);
			runOnlyForDeploymentPostprocessing = 0;
		};
/* End PBXSourcesBuildPhase section */

/* Begin XCBuildConfiguration section */
		47763AB828F3B986009045A3 /* Debug */ = {
			isa = XCBuildConfiguration;
			buildSettings = {
				ALWAYS_SEARCH_USER_PATHS = NO;
				CLANG_ANALYZER_NONNULL = YES;
				CLANG_ANALYZER_NUMBER_OBJECT_CONVERSION = YES_AGGRESSIVE;
				CLANG_CXX_LANGUAGE_STANDARD = "gnu++20";
				CLANG_ENABLE_MODULES = YES;
				CLANG_ENABLE_OBJC_ARC = YES;
				CLANG_ENABLE_OBJC_WEAK = YES;
				CLANG_WARN_BLOCK_CAPTURE_AUTORELEASING = YES;
				CLANG_WARN_BOOL_CONVERSION = YES;
				CLANG_WARN_COMMA = YES;
				CLANG_WARN_CONSTANT_CONVERSION = YES;
				CLANG_WARN_DEPRECATED_OBJC_IMPLEMENTATIONS = YES;
				CLANG_WARN_DIRECT_OBJC_ISA_USAGE = YES_ERROR;
				CLANG_WARN_DOCUMENTATION_COMMENTS = YES;
				CLANG_WARN_EMPTY_BODY = YES;
				CLANG_WARN_ENUM_CONVERSION = YES;
				CLANG_WARN_INFINITE_RECURSION = YES;
				CLANG_WARN_INT_CONVERSION = YES;
				CLANG_WARN_NON_LITERAL_NULL_CONVERSION = YES;
				CLANG_WARN_OBJC_IMPLICIT_RETAIN_SELF = YES;
				CLANG_WARN_OBJC_LITERAL_CONVERSION = YES;
				CLANG_WARN_OBJC_ROOT_CLASS = YES_ERROR;
				CLANG_WARN_QUOTED_INCLUDE_IN_FRAMEWORK_HEADER = YES;
				CLANG_WARN_RANGE_LOOP_ANALYSIS = YES;
				CLANG_WARN_STRICT_PROTOTYPES = YES;
				CLANG_WARN_SUSPICIOUS_MOVE = YES;
				CLANG_WARN_UNGUARDED_AVAILABILITY = YES_AGGRESSIVE;
				CLANG_WARN_UNREACHABLE_CODE = YES;
				CLANG_WARN__DUPLICATE_METHOD_MATCH = YES;
				COPY_PHASE_STRIP = NO;
				DEBUG_INFORMATION_FORMAT = dwarf;
				ENABLE_STRICT_OBJC_MSGSEND = YES;
				ENABLE_TESTABILITY = YES;
				GCC_C_LANGUAGE_STANDARD = gnu11;
				GCC_DYNAMIC_NO_PIC = NO;
				GCC_NO_COMMON_BLOCKS = YES;
				GCC_OPTIMIZATION_LEVEL = 0;
				GCC_PREPROCESSOR_DEFINITIONS = (
					"DEBUG=1",
					"$(inherited)",
				);
				GCC_WARN_64_TO_32_BIT_CONVERSION = YES;
				GCC_WARN_ABOUT_RETURN_TYPE = YES_ERROR;
				GCC_WARN_UNDECLARED_SELECTOR = YES;
				GCC_WARN_UNINITIALIZED_AUTOS = YES_AGGRESSIVE;
				GCC_WARN_UNUSED_FUNCTION = YES;
				GCC_WARN_UNUSED_VARIABLE = YES;
				IPHONEOS_DEPLOYMENT_TARGET = 16.1;
				MTL_ENABLE_DEBUG_INFO = INCLUDE_SOURCE;
				MTL_FAST_MATH = YES;
				ONLY_ACTIVE_ARCH = YES;
				SDKROOT = iphoneos;
				SWIFT_ACTIVE_COMPILATION_CONDITIONS = DEBUG;
				SWIFT_OPTIMIZATION_LEVEL = "-Onone";
			};
			name = Debug;
		};
		47763AB928F3B986009045A3 /* Release */ = {
			isa = XCBuildConfiguration;
			buildSettings = {
				ALWAYS_SEARCH_USER_PATHS = NO;
				CLANG_ANALYZER_NONNULL = YES;
				CLANG_ANALYZER_NUMBER_OBJECT_CONVERSION = YES_AGGRESSIVE;
				CLANG_CXX_LANGUAGE_STANDARD = "gnu++20";
				CLANG_ENABLE_MODULES = YES;
				CLANG_ENABLE_OBJC_ARC = YES;
				CLANG_ENABLE_OBJC_WEAK = YES;
				CLANG_WARN_BLOCK_CAPTURE_AUTORELEASING = YES;
				CLANG_WARN_BOOL_CONVERSION = YES;
				CLANG_WARN_COMMA = YES;
				CLANG_WARN_CONSTANT_CONVERSION = YES;
				CLANG_WARN_DEPRECATED_OBJC_IMPLEMENTATIONS = YES;
				CLANG_WARN_DIRECT_OBJC_ISA_USAGE = YES_ERROR;
				CLANG_WARN_DOCUMENTATION_COMMENTS = YES;
				CLANG_WARN_EMPTY_BODY = YES;
				CLANG_WARN_ENUM_CONVERSION = YES;
				CLANG_WARN_INFINITE_RECURSION = YES;
				CLANG_WARN_INT_CONVERSION = YES;
				CLANG_WARN_NON_LITERAL_NULL_CONVERSION = YES;
				CLANG_WARN_OBJC_IMPLICIT_RETAIN_SELF = YES;
				CLANG_WARN_OBJC_LITERAL_CONVERSION = YES;
				CLANG_WARN_OBJC_ROOT_CLASS = YES_ERROR;
				CLANG_WARN_QUOTED_INCLUDE_IN_FRAMEWORK_HEADER = YES;
				CLANG_WARN_RANGE_LOOP_ANALYSIS = YES;
				CLANG_WARN_STRICT_PROTOTYPES = YES;
				CLANG_WARN_SUSPICIOUS_MOVE = YES;
				CLANG_WARN_UNGUARDED_AVAILABILITY = YES_AGGRESSIVE;
				CLANG_WARN_UNREACHABLE_CODE = YES;
				CLANG_WARN__DUPLICATE_METHOD_MATCH = YES;
				COPY_PHASE_STRIP = NO;
				DEBUG_INFORMATION_FORMAT = "dwarf-with-dsym";
				ENABLE_NS_ASSERTIONS = NO;
				ENABLE_STRICT_OBJC_MSGSEND = YES;
				GCC_C_LANGUAGE_STANDARD = gnu11;
				GCC_NO_COMMON_BLOCKS = YES;
				GCC_WARN_64_TO_32_BIT_CONVERSION = YES;
				GCC_WARN_ABOUT_RETURN_TYPE = YES_ERROR;
				GCC_WARN_UNDECLARED_SELECTOR = YES;
				GCC_WARN_UNINITIALIZED_AUTOS = YES_AGGRESSIVE;
				GCC_WARN_UNUSED_FUNCTION = YES;
				GCC_WARN_UNUSED_VARIABLE = YES;
				IPHONEOS_DEPLOYMENT_TARGET = 16.1;
				MTL_ENABLE_DEBUG_INFO = NO;
				MTL_FAST_MATH = YES;
				SDKROOT = iphoneos;
				SWIFT_COMPILATION_MODE = wholemodule;
				SWIFT_OPTIMIZATION_LEVEL = "-O";
				VALIDATE_PRODUCT = YES;
			};
			name = Release;
		};
		47763ABB28F3B986009045A3 /* Debug */ = {
			isa = XCBuildConfiguration;
			buildSettings = {
				ASSETCATALOG_COMPILER_APPICON_NAME = AppIcon;
				ASSETCATALOG_COMPILER_GLOBAL_ACCENT_COLOR_NAME = AccentColor;
				CODE_SIGN_STYLE = Automatic;
				CURRENT_PROJECT_VERSION = 1;
				DEVELOPMENT_ASSET_PATHS = "\"M5WrapUpChallenge/Preview Content\"";
				DEVELOPMENT_TEAM = AAMSQF9VQJ;
				ENABLE_PREVIEWS = YES;
				GENERATE_INFOPLIST_FILE = YES;
				INFOPLIST_KEY_UIApplicationSceneManifest_Generation = YES;
				INFOPLIST_KEY_UIApplicationSupportsIndirectInputEvents = YES;
				INFOPLIST_KEY_UILaunchScreen_Generation = YES;
				INFOPLIST_KEY_UISupportedInterfaceOrientations_iPad = "UIInterfaceOrientationPortrait UIInterfaceOrientationPortraitUpsideDown UIInterfaceOrientationLandscapeLeft UIInterfaceOrientationLandscapeRight";
				INFOPLIST_KEY_UISupportedInterfaceOrientations_iPhone = "UIInterfaceOrientationPortrait UIInterfaceOrientationLandscapeLeft UIInterfaceOrientationLandscapeRight";
				LD_RUNPATH_SEARCH_PATHS = (
					"$(inherited)",
					"@executable_path/Frameworks",
				);
				MARKETING_VERSION = 1.0;
				PRODUCT_BUNDLE_IDENTIFIER = Tutorlal.M5WrapUpChallenge;
				PRODUCT_NAME = "$(TARGET_NAME)";
				SWIFT_EMIT_LOC_STRINGS = YES;
				SWIFT_VERSION = 5.0;
				TARGETED_DEVICE_FAMILY = "1,2";
			};
			name = Debug;
		};
		47763ABC28F3B986009045A3 /* Release */ = {
			isa = XCBuildConfiguration;
			buildSettings = {
				ASSETCATALOG_COMPILER_APPICON_NAME = AppIcon;
				ASSETCATALOG_COMPILER_GLOBAL_ACCENT_COLOR_NAME = AccentColor;
				CODE_SIGN_STYLE = Automatic;
				CURRENT_PROJECT_VERSION = 1;
				DEVELOPMENT_ASSET_PATHS = "\"M5WrapUpChallenge/Preview Content\"";
				DEVELOPMENT_TEAM = AAMSQF9VQJ;
				ENABLE_PREVIEWS = YES;
				GENERATE_INFOPLIST_FILE = YES;
				INFOPLIST_KEY_UIApplicationSceneManifest_Generation = YES;
				INFOPLIST_KEY_UIApplicationSupportsIndirectInputEvents = YES;
				INFOPLIST_KEY_UILaunchScreen_Generation = YES;
				INFOPLIST_KEY_UISupportedInterfaceOrientations_iPad = "UIInterfaceOrientationPortrait UIInterfaceOrientationPortraitUpsideDown UIInterfaceOrientationLandscapeLeft UIInterfaceOrientationLandscapeRight";
				INFOPLIST_KEY_UISupportedInterfaceOrientations_iPhone = "UIInterfaceOrientationPortrait UIInterfaceOrientationLandscapeLeft UIInterfaceOrientationLandscapeRight";
				LD_RUNPATH_SEARCH_PATHS = (
					"$(inherited)",
					"@executable_path/Frameworks",
				);
				MARKETING_VERSION = 1.0;
				PRODUCT_BUNDLE_IDENTIFIER = Tutorlal.M5WrapUpChallenge;
				PRODUCT_NAME = "$(TARGET_NAME)";
				SWIFT_EMIT_LOC_STRINGS = YES;
				SWIFT_VERSION = 5.0;
				TARGETED_DEVICE_FAMILY = "1,2";
			};
			name = Release;
		};
/* End XCBuildConfiguration section */

/* Begin XCConfigurationList section */
		47763AA728F3B982009045A3 /* Build configuration list for PBXProject "M5WrapUpChallenge" */ = {
			isa = XCConfigurationList;
			buildConfigurations = (
				47763AB828F3B986009045A3 /* Debug */,
				47763AB928F3B986009045A3 /* Release */,
			);
			defaultConfigurationIsVisible = 0;
			defaultConfigurationName = Release;
		};
		47763ABA28F3B986009045A3 /* Build configuration list for PBXNativeTarget "M5WrapUpChallenge" */ = {
			isa = XCConfigurationList;
			buildConfigurations = (
				47763ABB28F3B986009045A3 /* Debug */,
				47763ABC28F3B986009045A3 /* Release */,
			);
			defaultConfigurationIsVisible = 0;
			defaultConfigurationName = Release;
		};
/* End XCConfigurationList section */
	};
	rootObject = 47763AA428F3B982009045A3 /* Project object */;
}
